
Microsoft Visual Studio Solution File, Format Version 12.00
# Visual Studio Version 17
VisualStudioVersion = 17.3.32929.385
MinimumVisualStudioVersion = 10.0.40219.1
Project("{FAE04EC0-301F-11D3-BF4B-00C04F79EFBC}") = "ConsoleApp1", "ConsoleApp1\ConsoleApp1.csproj", "{8B62DE90-FEDA-4CCB-B654-B4C33F1177CB}"
EndProject
Project("{FAE04EC0-301F-11D3-BF4B-00C04F79EFBC}") = "ConsoleApp2", "ConsoleApp2\ConsoleApp2.csproj", "{7D561F03-D79D-4A05-82E2-1366547970A2}"
EndProject
Project("{FAE04EC0-301F-11D3-BF4B-00C04F79EFBC}") = "52張牌", "52張牌\52張牌.csproj", "{573CC193-A67A-4E72-8184-45B1C6AA1BCE}"
EndProject
Project("{FAE04EC0-301F-11D3-BF4B-00C04F79EFBC}") = "請把它弄亂順序,並傳回前五張牌", "請把它弄亂順序,並傳回前五張牌\請把它弄亂順序,並傳回前五張牌.csproj", "{D02027D4-5472-4397-96D0-7E726D418113}"
EndProject
Global
	GlobalSection(SolutionConfigurationPlatforms) = preSolution
		Debug|Any CPU = Debug|Any CPU
		Release|Any CPU = Release|Any CPU
	EndGlobalSection
	GlobalSection(ProjectConfigurationPlatforms) = postSolution
		{8B62DE90-FEDA-4CCB-B654-B4C33F1177CB}.Debug|Any CPU.ActiveCfg = Debug|Any CPU
		{8B62DE90-FEDA-4CCB-B654-B4C33F1177CB}.Debug|Any CPU.Build.0 = Debug|Any CPU
		{8B62DE90-FEDA-4CCB-B654-B4C33F1177CB}.Release|Any CPU.ActiveCfg = Release|Any CPU
		{8B62DE90-FEDA-4CCB-B654-B4C33F1177CB}.Release|Any CPU.Build.0 = Release|Any CPU
		{7D561F03-D79D-4A05-82E2-1366547970A2}.Debug|Any CPU.ActiveCfg = Debug|Any CPU
		{7D561F03-D79D-4A05-82E2-1366547970A2}.Debug|Any CPU.Build.0 = Debug|Any CPU
		{7D561F03-D79D-4A05-82E2-1366547970A2}.Release|Any CPU.ActiveCfg = Release|Any CPU
		{7D561F03-D79D-4A05-82E2-1366547970A2}.Release|Any CPU.Build.0 = Release|Any CPU
		{573CC193-A67A-4E72-8184-45B1C6AA1BCE}.Debug|Any CPU.ActiveCfg = Debug|Any CPU
		{573CC193-A67A-4E72-8184-45B1C6AA1BCE}.Debug|Any CPU.Build.0 = Debug|Any CPU
		{573CC193-A67A-4E72-8184-45B1C6AA1BCE}.Release|Any CPU.ActiveCfg = Release|Any CPU
		{573CC193-A67A-4E72-8184-45B1C6AA1BCE}.Release|Any CPU.Build.0 = Release|Any CPU
		{D02027D4-5472-4397-96D0-7E726D418113}.Debug|Any CPU.ActiveCfg = Debug|Any CPU
		{D02027D4-5472-4397-96D0-7E726D418113}.Debug|Any CPU.Build.0 = Debug|Any CPU
		{D02027D4-5472-4397-96D0-7E726D418113}.Release|Any CPU.ActiveCfg = Release|Any CPU
		{D02027D4-5472-4397-96D0-7E726D418113}.Release|Any CPU.Build.0 = Release|Any CPU
	EndGlobalSection
	GlobalSection(SolutionProperties) = preSolution
		HideSolutionNode = FALSE
	EndGlobalSection
	GlobalSection(ExtensibilityGlobals) = postSolution
		SolutionGuid = {EA265BBB-A80D-4BE9-ABCB-84C8457F4037}
	EndGlobalSection
EndGlobal
